
Microsoft Visual Studio Solution File, Format Version 12.00
# Visual Studio 15
VisualStudioVersion = 15.0.26124.0
MinimumVisualStudioVersion = 15.0.26124.0
Project("{2150E333-8FDC-42A3-9474-1A3956D46DE8}") = "src", "src", "{755B6B86-8E4F-492B-9EEB-9D5F4C39B6B6}"
EndProject
Project("{FAE04EC0-301F-11D3-BF4B-00C04F79EFBC}") = "project-api", "src\project-api\project-api.csproj", "{385DFA34-B56B-4470-BD7A-F7791271F5DD}"
EndProject
Project("{2150E333-8FDC-42A3-9474-1A3956D46DE8}") = "test", "test", "{D54D34D3-A823-4614-AE36-6E08839E45D5}"
EndProject
Project("{FAE04EC0-301F-11D3-BF4B-00C04F79EFBC}") = "project-api.ntest", "test\project-api.ntest\project-api.ntest.csproj", "{9C9E2B9C-ED6F-4FD1-9C7B-E1358BD0BDD2}"
EndProject
Global
	GlobalSection(SolutionConfigurationPlatforms) = preSolution
		Debug|Any CPU = Debug|Any CPU
		Debug|x64 = Debug|x64
		Debug|x86 = Debug|x86
		Release|Any CPU = Release|Any CPU
		Release|x64 = Release|x64
		Release|x86 = Release|x86
	EndGlobalSection
	GlobalSection(SolutionProperties) = preSolution
		HideSolutionNode = FALSE
	EndGlobalSection
	GlobalSection(ProjectConfigurationPlatforms) = postSolution
		{385DFA34-B56B-4470-BD7A-F7791271F5DD}.Debug|Any CPU.ActiveCfg = Debug|Any CPU
		{385DFA34-B56B-4470-BD7A-F7791271F5DD}.Debug|Any CPU.Build.0 = Debug|Any CPU
		{385DFA34-B56B-4470-BD7A-F7791271F5DD}.Debug|x64.ActiveCfg = Debug|Any CPU
		{385DFA34-B56B-4470-BD7A-F7791271F5DD}.Debug|x64.Build.0 = Debug|Any CPU
		{385DFA34-B56B-4470-BD7A-F7791271F5DD}.Debug|x86.ActiveCfg = Debug|Any CPU
		{385DFA34-B56B-4470-BD7A-F7791271F5DD}.Debug|x86.Build.0 = Debug|Any CPU
		{385DFA34-B56B-4470-BD7A-F7791271F5DD}.Release|Any CPU.ActiveCfg = Release|Any CPU
		{385DFA34-B56B-4470-BD7A-F7791271F5DD}.Release|Any CPU.Build.0 = Release|Any CPU
		{385DFA34-B56B-4470-BD7A-F7791271F5DD}.Release|x64.ActiveCfg = Release|Any CPU
		{385DFA34-B56B-4470-BD7A-F7791271F5DD}.Release|x64.Build.0 = Release|Any CPU
		{385DFA34-B56B-4470-BD7A-F7791271F5DD}.Release|x86.ActiveCfg = Release|Any CPU
		{385DFA34-B56B-4470-BD7A-F7791271F5DD}.Release|x86.Build.0 = Release|Any CPU
		{9C9E2B9C-ED6F-4FD1-9C7B-E1358BD0BDD2}.Debug|Any CPU.ActiveCfg = Debug|Any CPU
		{9C9E2B9C-ED6F-4FD1-9C7B-E1358BD0BDD2}.Debug|Any CPU.Build.0 = Debug|Any CPU
		{9C9E2B9C-ED6F-4FD1-9C7B-E1358BD0BDD2}.Debug|x64.ActiveCfg = Debug|Any CPU
		{9C9E2B9C-ED6F-4FD1-9C7B-E1358BD0BDD2}.Debug|x64.Build.0 = Debug|Any CPU
		{9C9E2B9C-ED6F-4FD1-9C7B-E1358BD0BDD2}.Debug|x86.ActiveCfg = Debug|Any CPU
		{9C9E2B9C-ED6F-4FD1-9C7B-E1358BD0BDD2}.Debug|x86.Build.0 = Debug|Any CPU
		{9C9E2B9C-ED6F-4FD1-9C7B-E1358BD0BDD2}.Release|Any CPU.ActiveCfg = Release|Any CPU
		{9C9E2B9C-ED6F-4FD1-9C7B-E1358BD0BDD2}.Release|Any CPU.Build.0 = Release|Any CPU
		{9C9E2B9C-ED6F-4FD1-9C7B-E1358BD0BDD2}.Release|x64.ActiveCfg = Release|Any CPU
		{9C9E2B9C-ED6F-4FD1-9C7B-E1358BD0BDD2}.Release|x64.Build.0 = Release|Any CPU
		{9C9E2B9C-ED6F-4FD1-9C7B-E1358BD0BDD2}.Release|x86.ActiveCfg = Release|Any CPU
		{9C9E2B9C-ED6F-4FD1-9C7B-E1358BD0BDD2}.Release|x86.Build.0 = Release|Any CPU
	EndGlobalSection
	GlobalSection(NestedProjects) = preSolution
		{385DFA34-B56B-4470-BD7A-F7791271F5DD} = {755B6B86-8E4F-492B-9EEB-9D5F4C39B6B6}
		{9C9E2B9C-ED6F-4FD1-9C7B-E1358BD0BDD2} = {D54D34D3-A823-4614-AE36-6E08839E45D5}
	EndGlobalSection
EndGlobal
